// !$*UTF8*$!
{
	archiveVersion = 1;
	classes = {
	};
	objectVersion = 50;
	objects = {

/* Begin PBXBuildFile section */
		2D7D6FD1266DB42C005863AE /* PostInputView.swift in Sources */ = {isa = PBXBuildFile; fileRef = 2D7D6FD0266DB42C005863AE /* PostInputView.swift */; };
		30337955267536980066D94A /* FeedCollectionViewController+CLLocationManagerDelegate.swift in Sources */ = {isa = PBXBuildFile; fileRef = 30337954267536980066D94A /* FeedCollectionViewController+CLLocationManagerDelegate.swift */; };
		30337957267536E30066D94A /* FeedCollectionViewController+UICollectionViewDelegate.swift in Sources */ = {isa = PBXBuildFile; fileRef = 30337956267536E30066D94A /* FeedCollectionViewController+UICollectionViewDelegate.swift */; };
		303379592675371C0066D94A /* FeedCollectionViewController+UICollectionViewDataSource .swift in Sources */ = {isa = PBXBuildFile; fileRef = 303379582675371C0066D94A /* FeedCollectionViewController+UICollectionViewDataSource .swift */; };
		3033795B267537490066D94A /* FeedCollectionViewController+UICollectionViewDataSourcePrefetching.swift in Sources */ = {isa = PBXBuildFile; fileRef = 3033795A267537490066D94A /* FeedCollectionViewController+UICollectionViewDataSourcePrefetching.swift */; };
		3033795D267537B40066D94A /* FeedCollectionViewController+UICollectionViewDelegateFlowLayout .swift in Sources */ = {isa = PBXBuildFile; fileRef = 3033795C267537B40066D94A /* FeedCollectionViewController+UICollectionViewDelegateFlowLayout .swift */; };
		304E06C42674133D00A99128 /* String+isBlank.swift in Sources */ = {isa = PBXBuildFile; fileRef = 304E06C32674133D00A99128 /* String+isBlank.swift */; };
		304E06C626741A5100A99128 /* UIColor+theme.swift in Sources */ = {isa = PBXBuildFile; fileRef = 304E06C526741A5100A99128 /* UIColor+theme.swift */; };
		304E06C826742BDA00A99128 /* CreatePostService.swift in Sources */ = {isa = PBXBuildFile; fileRef = 304E06C726742BDA00A99128 /* CreatePostService.swift */; };
		304E06CA26742CC500A99128 /* FeedService.swift in Sources */ = {isa = PBXBuildFile; fileRef = 304E06C926742CC500A99128 /* FeedService.swift */; };
		304E06CC2674442800A99128 /* UIImage+encodeBase64.swift in Sources */ = {isa = PBXBuildFile; fileRef = 304E06CB2674442800A99128 /* UIImage+encodeBase64.swift */; };
		304E06CF267468DA00A99128 /* UIColor+Pastel.swift in Sources */ = {isa = PBXBuildFile; fileRef = 304E06CE267468DA00A99128 /* UIColor+Pastel.swift */; };
		307A30542661ABD60020DF8B /* Post.swift in Sources */ = {isa = PBXBuildFile; fileRef = 307A30532661ABD60020DF8B /* Post.swift */; };
		307A30562661AD480020DF8B /* Image.swift in Sources */ = {isa = PBXBuildFile; fileRef = 307A30552661AD480020DF8B /* Image.swift */; };
		307A30582661AD540020DF8B /* User.swift in Sources */ = {isa = PBXBuildFile; fileRef = 307A30572661AD540020DF8B /* User.swift */; };
		307A305B2661B7A20020DF8B /* FeedCollectionViewController.swift in Sources */ = {isa = PBXBuildFile; fileRef = 307A305A2661B7A20020DF8B /* FeedCollectionViewController.swift */; };
		307A305E2661CD510020DF8B /* PostCollectionViewCell.swift in Sources */ = {isa = PBXBuildFile; fileRef = 307A305C2661CD510020DF8B /* PostCollectionViewCell.swift */; };
		307A305F2661CD510020DF8B /* PostCollectionViewCell.xib in Resources */ = {isa = PBXBuildFile; fileRef = 307A305D2661CD510020DF8B /* PostCollectionViewCell.xib */; };
		307A30622661E8A90020DF8B /* UIColor+Hex.swift in Sources */ = {isa = PBXBuildFile; fileRef = 307A30612661E8A90020DF8B /* UIColor+Hex.swift */; };
		307A306526629B990020DF8B /* AuthorView.swift in Sources */ = {isa = PBXBuildFile; fileRef = 307A306426629B990020DF8B /* AuthorView.swift */; };
		30BC8B9D2662ACBC00F7E6A5 /* ImageLoader.swift in Sources */ = {isa = PBXBuildFile; fileRef = 30BC8B9C2662ACBC00F7E6A5 /* ImageLoader.swift */; };
		30BC8BA02662B8A700F7E6A5 /* StorageType.swift in Sources */ = {isa = PBXBuildFile; fileRef = 30BC8B9F2662B8A700F7E6A5 /* StorageType.swift */; };
		30BC8BA22662BB0000F7E6A5 /* DataContainer.swift in Sources */ = {isa = PBXBuildFile; fileRef = 30BC8BA12662BB0000F7E6A5 /* DataContainer.swift */; };
		30BC8BA42662BDEF00F7E6A5 /* ImageStore.swift in Sources */ = {isa = PBXBuildFile; fileRef = 30BC8BA32662BDEF00F7E6A5 /* ImageStore.swift */; };
		30BC8BA62662C02300F7E6A5 /* CacheImage.swift in Sources */ = {isa = PBXBuildFile; fileRef = 30BC8BA52662C02300F7E6A5 /* CacheImage.swift */; };
		30BC8BA82662CEBA00F7E6A5 /* Checksum.swift in Sources */ = {isa = PBXBuildFile; fileRef = 30BC8BA72662CEBA00F7E6A5 /* Checksum.swift */; };
		30C77CB0266AD69700A888DC /* CurrentUserService.swift in Sources */ = {isa = PBXBuildFile; fileRef = 30C77CAF266AD69700A888DC /* CurrentUserService.swift */; };
		30C77CB2266AD7B100A888DC /* ApiConfig.swift in Sources */ = {isa = PBXBuildFile; fileRef = 30C77CB1266AD7B100A888DC /* ApiConfig.swift */; };
		30C77CB4266AF47300A888DC /* Credentials.swift in Sources */ = {isa = PBXBuildFile; fileRef = 30C77CB3266AF47300A888DC /* Credentials.swift */; };
		30C77CB6266AF48300A888DC /* CurrentUser.swift in Sources */ = {isa = PBXBuildFile; fileRef = 30C77CB5266AF48300A888DC /* CurrentUser.swift */; };
		30C77CB8266BD44300A888DC /* CreatePostViewController.swift in Sources */ = {isa = PBXBuildFile; fileRef = 30C77CB7266BD44300A888DC /* CreatePostViewController.swift */; };
		30FD0E722659645A006E309A /* Faker.swift in Sources */ = {isa = PBXBuildFile; fileRef = 30FD0E712659645A006E309A /* Faker.swift */; };
		30FD0E7426596853006E309A /* RequestError.swift in Sources */ = {isa = PBXBuildFile; fileRef = 30FD0E7326596853006E309A /* RequestError.swift */; };
		30FD0E7626596862006E309A /* ResponseError.swift in Sources */ = {isa = PBXBuildFile; fileRef = 30FD0E7526596862006E309A /* ResponseError.swift */; };
		30FD0E7826597C6F006E309A /* RestClient.swift in Sources */ = {isa = PBXBuildFile; fileRef = 30FD0E7726597C6F006E309A /* RestClient.swift */; };
		E021984723FA35E00025C28E /* AppDelegate.swift in Sources */ = {isa = PBXBuildFile; fileRef = E021984623FA35E00025C28E /* AppDelegate.swift */; };
		E021984923FA35E00025C28E /* SceneDelegate.swift in Sources */ = {isa = PBXBuildFile; fileRef = E021984823FA35E00025C28E /* SceneDelegate.swift */; };
		E021984B23FA35E00025C28E /* WelcomeViewController.swift in Sources */ = {isa = PBXBuildFile; fileRef = E021984A23FA35E00025C28E /* WelcomeViewController.swift */; };
		E021984E23FA35E00025C28E /* Main.storyboard in Resources */ = {isa = PBXBuildFile; fileRef = E021984C23FA35E00025C28E /* Main.storyboard */; };
		E021985023FA35E20025C28E /* Assets.xcassets in Resources */ = {isa = PBXBuildFile; fileRef = E021984F23FA35E20025C28E /* Assets.xcassets */; };
		E021985323FA35E20025C28E /* LaunchScreen.storyboard in Resources */ = {isa = PBXBuildFile; fileRef = E021985123FA35E20025C28E /* LaunchScreen.storyboard */; };
		E021985E23FA35E20025C28E /* SecretlyTests.swift in Sources */ = {isa = PBXBuildFile; fileRef = E021985D23FA35E20025C28E /* SecretlyTests.swift */; };
		E04C2BCB23FB86F7005FE010 /* HttpClient.swift in Sources */ = {isa = PBXBuildFile; fileRef = E04C2BCA23FB86F7005FE010 /* HttpClient.swift */; };
		E04C2BCD23FB8750005FE010 /* HttpResponse.swift in Sources */ = {isa = PBXBuildFile; fileRef = E04C2BCC23FB8750005FE010 /* HttpResponse.swift */; };
		E04C2BCF23FB8782005FE010 /* StatusCode.swift in Sources */ = {isa = PBXBuildFile; fileRef = E04C2BCE23FB8782005FE010 /* StatusCode.swift */; };
		E04C2BD323FB88E8005FE010 /* RequestBuilder.swift in Sources */ = {isa = PBXBuildFile; fileRef = E04C2BD223FB88E8005FE010 /* RequestBuilder.swift */; };
/* End PBXBuildFile section */

/* Begin PBXContainerItemProxy section */
		E021985A23FA35E20025C28E /* PBXContainerItemProxy */ = {
			isa = PBXContainerItemProxy;
			containerPortal = E021983B23FA35E00025C28E /* Project object */;
			proxyType = 1;
			remoteGlobalIDString = E021984223FA35E00025C28E;
			remoteInfo = Secretly;
		};
/* End PBXContainerItemProxy section */

/* Begin PBXFileReference section */
		2D7D6FD0266DB42C005863AE /* PostInputView.swift */ = {isa = PBXFileReference; lastKnownFileType = sourcecode.swift; path = PostInputView.swift; sourceTree = "<group>"; };
		30337954267536980066D94A /* FeedCollectionViewController+CLLocationManagerDelegate.swift */ = {isa = PBXFileReference; lastKnownFileType = sourcecode.swift; path = "FeedCollectionViewController+CLLocationManagerDelegate.swift"; sourceTree = "<group>"; };
		30337956267536E30066D94A /* FeedCollectionViewController+UICollectionViewDelegate.swift */ = {isa = PBXFileReference; lastKnownFileType = sourcecode.swift; path = "FeedCollectionViewController+UICollectionViewDelegate.swift"; sourceTree = "<group>"; };
		303379582675371C0066D94A /* FeedCollectionViewController+UICollectionViewDataSource .swift */ = {isa = PBXFileReference; lastKnownFileType = sourcecode.swift; path = "FeedCollectionViewController+UICollectionViewDataSource .swift"; sourceTree = "<group>"; };
		3033795A267537490066D94A /* FeedCollectionViewController+UICollectionViewDataSourcePrefetching.swift */ = {isa = PBXFileReference; lastKnownFileType = sourcecode.swift; path = "FeedCollectionViewController+UICollectionViewDataSourcePrefetching.swift"; sourceTree = "<group>"; };
		3033795C267537B40066D94A /* FeedCollectionViewController+UICollectionViewDelegateFlowLayout .swift */ = {isa = PBXFileReference; lastKnownFileType = sourcecode.swift; path = "FeedCollectionViewController+UICollectionViewDelegateFlowLayout .swift"; sourceTree = "<group>"; };
		304E06C32674133D00A99128 /* String+isBlank.swift */ = {isa = PBXFileReference; lastKnownFileType = sourcecode.swift; path = "String+isBlank.swift"; sourceTree = "<group>"; };
		304E06C526741A5100A99128 /* UIColor+theme.swift */ = {isa = PBXFileReference; lastKnownFileType = sourcecode.swift; path = "UIColor+theme.swift"; sourceTree = "<group>"; };
		304E06C726742BDA00A99128 /* CreatePostService.swift */ = {isa = PBXFileReference; lastKnownFileType = sourcecode.swift; path = CreatePostService.swift; sourceTree = "<group>"; };
		304E06C926742CC500A99128 /* FeedService.swift */ = {isa = PBXFileReference; lastKnownFileType = sourcecode.swift; path = FeedService.swift; sourceTree = "<group>"; };
		304E06CB2674442800A99128 /* UIImage+encodeBase64.swift */ = {isa = PBXFileReference; lastKnownFileType = sourcecode.swift; path = "UIImage+encodeBase64.swift"; sourceTree = "<group>"; };
		304E06CE267468DA00A99128 /* UIColor+Pastel.swift */ = {isa = PBXFileReference; lastKnownFileType = sourcecode.swift; path = "UIColor+Pastel.swift"; sourceTree = "<group>"; };
		307A30532661ABD60020DF8B /* Post.swift */ = {isa = PBXFileReference; lastKnownFileType = sourcecode.swift; path = Post.swift; sourceTree = "<group>"; };
		307A30552661AD480020DF8B /* Image.swift */ = {isa = PBXFileReference; lastKnownFileType = sourcecode.swift; path = Image.swift; sourceTree = "<group>"; };
		307A30572661AD540020DF8B /* User.swift */ = {isa = PBXFileReference; lastKnownFileType = sourcecode.swift; path = User.swift; sourceTree = "<group>"; };
		307A305A2661B7A20020DF8B /* FeedCollectionViewController.swift */ = {isa = PBXFileReference; lastKnownFileType = sourcecode.swift; path = FeedCollectionViewController.swift; sourceTree = "<group>"; };
		307A305C2661CD510020DF8B /* PostCollectionViewCell.swift */ = {isa = PBXFileReference; lastKnownFileType = sourcecode.swift; path = PostCollectionViewCell.swift; sourceTree = "<group>"; };
		307A305D2661CD510020DF8B /* PostCollectionViewCell.xib */ = {isa = PBXFileReference; lastKnownFileType = file.xib; path = PostCollectionViewCell.xib; sourceTree = "<group>"; };
		307A30612661E8A90020DF8B /* UIColor+Hex.swift */ = {isa = PBXFileReference; lastKnownFileType = sourcecode.swift; path = "UIColor+Hex.swift"; sourceTree = "<group>"; };
		307A306426629B990020DF8B /* AuthorView.swift */ = {isa = PBXFileReference; lastKnownFileType = sourcecode.swift; path = AuthorView.swift; sourceTree = "<group>"; };
		30BC8B9C2662ACBC00F7E6A5 /* ImageLoader.swift */ = {isa = PBXFileReference; lastKnownFileType = sourcecode.swift; path = ImageLoader.swift; sourceTree = "<group>"; };
		30BC8B9F2662B8A700F7E6A5 /* StorageType.swift */ = {isa = PBXFileReference; lastKnownFileType = sourcecode.swift; path = StorageType.swift; sourceTree = "<group>"; };
		30BC8BA12662BB0000F7E6A5 /* DataContainer.swift */ = {isa = PBXFileReference; lastKnownFileType = sourcecode.swift; path = DataContainer.swift; sourceTree = "<group>"; };
		30BC8BA32662BDEF00F7E6A5 /* ImageStore.swift */ = {isa = PBXFileReference; lastKnownFileType = sourcecode.swift; path = ImageStore.swift; sourceTree = "<group>"; };
		30BC8BA52662C02300F7E6A5 /* CacheImage.swift */ = {isa = PBXFileReference; lastKnownFileType = sourcecode.swift; path = CacheImage.swift; sourceTree = "<group>"; };
		30BC8BA72662CEBA00F7E6A5 /* Checksum.swift */ = {isa = PBXFileReference; lastKnownFileType = sourcecode.swift; path = Checksum.swift; sourceTree = "<group>"; };
		30C77CAF266AD69700A888DC /* CurrentUserService.swift */ = {isa = PBXFileReference; lastKnownFileType = sourcecode.swift; path = CurrentUserService.swift; sourceTree = "<group>"; };
		30C77CB1266AD7B100A888DC /* ApiConfig.swift */ = {isa = PBXFileReference; lastKnownFileType = sourcecode.swift; path = ApiConfig.swift; sourceTree = "<group>"; };
		30C77CB3266AF47300A888DC /* Credentials.swift */ = {isa = PBXFileReference; lastKnownFileType = sourcecode.swift; path = Credentials.swift; sourceTree = "<group>"; };
		30C77CB5266AF48300A888DC /* CurrentUser.swift */ = {isa = PBXFileReference; lastKnownFileType = sourcecode.swift; path = CurrentUser.swift; sourceTree = "<group>"; };
		30C77CB7266BD44300A888DC /* CreatePostViewController.swift */ = {isa = PBXFileReference; lastKnownFileType = sourcecode.swift; path = CreatePostViewController.swift; sourceTree = "<group>"; };
		30FD0E712659645A006E309A /* Faker.swift */ = {isa = PBXFileReference; lastKnownFileType = sourcecode.swift; path = Faker.swift; sourceTree = "<group>"; };
		30FD0E7326596853006E309A /* RequestError.swift */ = {isa = PBXFileReference; lastKnownFileType = sourcecode.swift; path = RequestError.swift; sourceTree = "<group>"; };
		30FD0E7526596862006E309A /* ResponseError.swift */ = {isa = PBXFileReference; lastKnownFileType = sourcecode.swift; path = ResponseError.swift; sourceTree = "<group>"; };
		30FD0E7726597C6F006E309A /* RestClient.swift */ = {isa = PBXFileReference; lastKnownFileType = sourcecode.swift; path = RestClient.swift; sourceTree = "<group>"; };
		E021984323FA35E00025C28E /* Secretly.app */ = {isa = PBXFileReference; explicitFileType = wrapper.application; includeInIndex = 0; path = Secretly.app; sourceTree = BUILT_PRODUCTS_DIR; };
		E021984623FA35E00025C28E /* AppDelegate.swift */ = {isa = PBXFileReference; lastKnownFileType = sourcecode.swift; path = AppDelegate.swift; sourceTree = "<group>"; };
		E021984823FA35E00025C28E /* SceneDelegate.swift */ = {isa = PBXFileReference; lastKnownFileType = sourcecode.swift; path = SceneDelegate.swift; sourceTree = "<group>"; };
		E021984A23FA35E00025C28E /* WelcomeViewController.swift */ = {isa = PBXFileReference; lastKnownFileType = sourcecode.swift; path = WelcomeViewController.swift; sourceTree = "<group>"; };
		E021984D23FA35E00025C28E /* Base */ = {isa = PBXFileReference; lastKnownFileType = file.storyboard; name = Base; path = Base.lproj/Main.storyboard; sourceTree = "<group>"; };
		E021984F23FA35E20025C28E /* Assets.xcassets */ = {isa = PBXFileReference; lastKnownFileType = folder.assetcatalog; path = Assets.xcassets; sourceTree = "<group>"; };
		E021985223FA35E20025C28E /* Base */ = {isa = PBXFileReference; lastKnownFileType = file.storyboard; name = Base; path = Base.lproj/LaunchScreen.storyboard; sourceTree = "<group>"; };
		E021985423FA35E20025C28E /* Info.plist */ = {isa = PBXFileReference; lastKnownFileType = text.plist.xml; path = Info.plist; sourceTree = "<group>"; };
		E021985923FA35E20025C28E /* SecretlyTests.xctest */ = {isa = PBXFileReference; explicitFileType = wrapper.cfbundle; includeInIndex = 0; path = SecretlyTests.xctest; sourceTree = BUILT_PRODUCTS_DIR; };
		E021985D23FA35E20025C28E /* SecretlyTests.swift */ = {isa = PBXFileReference; lastKnownFileType = sourcecode.swift; path = SecretlyTests.swift; sourceTree = "<group>"; };
		E021985F23FA35E20025C28E /* Info.plist */ = {isa = PBXFileReference; lastKnownFileType = text.plist.xml; path = Info.plist; sourceTree = "<group>"; };
		E04C2BCA23FB86F7005FE010 /* HttpClient.swift */ = {isa = PBXFileReference; lastKnownFileType = sourcecode.swift; path = HttpClient.swift; sourceTree = "<group>"; };
		E04C2BCC23FB8750005FE010 /* HttpResponse.swift */ = {isa = PBXFileReference; lastKnownFileType = sourcecode.swift; path = HttpResponse.swift; sourceTree = "<group>"; };
		E04C2BCE23FB8782005FE010 /* StatusCode.swift */ = {isa = PBXFileReference; lastKnownFileType = sourcecode.swift; path = StatusCode.swift; sourceTree = "<group>"; };
		E04C2BD223FB88E8005FE010 /* RequestBuilder.swift */ = {isa = PBXFileReference; lastKnownFileType = sourcecode.swift; path = RequestBuilder.swift; sourceTree = "<group>"; };
/* End PBXFileReference section */

/* Begin PBXFrameworksBuildPhase section */
		E021984023FA35E00025C28E /* Frameworks */ = {
			isa = PBXFrameworksBuildPhase;
			buildActionMask = 2147483647;
			files = (
			);
			runOnlyForDeploymentPostprocessing = 0;
		};
		E021985623FA35E20025C28E /* Frameworks */ = {
			isa = PBXFrameworksBuildPhase;
			buildActionMask = 2147483647;
			files = (
			);
			runOnlyForDeploymentPostprocessing = 0;
		};
/* End PBXFrameworksBuildPhase section */

/* Begin PBXGroup section */
		307A30592661B73A0020DF8B /* ViewControllers */ = {
			isa = PBXGroup;
			children = (
				E021984A23FA35E00025C28E /* WelcomeViewController.swift */,
				30C77CB7266BD44300A888DC /* CreatePostViewController.swift */,
				307A305A2661B7A20020DF8B /* FeedCollectionViewController.swift */,
				30337956267536E30066D94A /* FeedCollectionViewController+UICollectionViewDelegate.swift */,
				303379582675371C0066D94A /* FeedCollectionViewController+UICollectionViewDataSource .swift */,
				3033795A267537490066D94A /* FeedCollectionViewController+UICollectionViewDataSourcePrefetching.swift */,
				3033795C267537B40066D94A /* FeedCollectionViewController+UICollectionViewDelegateFlowLayout .swift */,
				30337954267536980066D94A /* FeedCollectionViewController+CLLocationManagerDelegate.swift */,
			);
			path = ViewControllers;
			sourceTree = "<group>";
		};
		307A30602661E88C0020DF8B /* Utils */ = {
			isa = PBXGroup;
			children = (
				304E06C32674133D00A99128 /* String+isBlank.swift */,
				307A30612661E8A90020DF8B /* UIColor+Hex.swift */,
				304E06C526741A5100A99128 /* UIColor+theme.swift */,
				30BC8B9C2662ACBC00F7E6A5 /* ImageLoader.swift */,
				30BC8BA72662CEBA00F7E6A5 /* Checksum.swift */,
				304E06CB2674442800A99128 /* UIImage+encodeBase64.swift */,
				304E06CE267468DA00A99128 /* UIColor+Pastel.swift */,
			);
			path = Utils;
			sourceTree = "<group>";
		};
		307A306326629B590020DF8B /* Views */ = {
			isa = PBXGroup;
			children = (
				2D7D6FD0266DB42C005863AE /* PostInputView.swift */,
				307A305C2661CD510020DF8B /* PostCollectionViewCell.swift */,
				307A305D2661CD510020DF8B /* PostCollectionViewCell.xib */,
				307A306426629B990020DF8B /* AuthorView.swift */,
			);
			path = Views;
			sourceTree = "<group>";
		};
		30BC8B9E2662B85200F7E6A5 /* Storage */ = {
			isa = PBXGroup;
			children = (
				30BC8BA32662BDEF00F7E6A5 /* ImageStore.swift */,
				30BC8BA52662C02300F7E6A5 /* CacheImage.swift */,
				30BC8BA12662BB0000F7E6A5 /* DataContainer.swift */,
				30BC8B9F2662B8A700F7E6A5 /* StorageType.swift */,
			);
			path = Storage;
			sourceTree = "<group>";
		};
		30C77CAE266AD65C00A888DC /* Services */ = {
			isa = PBXGroup;
			children = (
				30C77CAF266AD69700A888DC /* CurrentUserService.swift */,
				304E06C726742BDA00A99128 /* CreatePostService.swift */,
				304E06C926742CC500A99128 /* FeedService.swift */,
			);
			path = Services;
			sourceTree = "<group>";
		};
		30FD0E702659643F006E309A /* Models */ = {
			isa = PBXGroup;
			children = (
				30FD0E712659645A006E309A /* Faker.swift */,
				307A30532661ABD60020DF8B /* Post.swift */,
				307A30552661AD480020DF8B /* Image.swift */,
				307A30572661AD540020DF8B /* User.swift */,
				30C77CB3266AF47300A888DC /* Credentials.swift */,
				30C77CB5266AF48300A888DC /* CurrentUser.swift */,
			);
			path = Models;
			sourceTree = "<group>";
		};
		E021983A23FA35E00025C28E = {
			isa = PBXGroup;
			children = (
				E021984523FA35E00025C28E /* Secretly */,
				E021985C23FA35E20025C28E /* SecretlyTests */,
				E021984423FA35E00025C28E /* Products */,
			);
			sourceTree = "<group>";
		};
		E021984423FA35E00025C28E /* Products */ = {
			isa = PBXGroup;
			children = (
				E021984323FA35E00025C28E /* Secretly.app */,
				E021985923FA35E20025C28E /* SecretlyTests.xctest */,
			);
			name = Products;
			sourceTree = "<group>";
		};
		E021984523FA35E00025C28E /* Secretly */ = {
			isa = PBXGroup;
			children = (
				30C77CAE266AD65C00A888DC /* Services */,
				307A306326629B590020DF8B /* Views */,
				307A30592661B73A0020DF8B /* ViewControllers */,
				30FD0E702659643F006E309A /* Models */,
				E04C2BC923FB7A5A005FE010 /* Network */,
				30BC8B9E2662B85200F7E6A5 /* Storage */,
				307A30602661E88C0020DF8B /* Utils */,
				E021984623FA35E00025C28E /* AppDelegate.swift */,
				E021984823FA35E00025C28E /* SceneDelegate.swift */,
				E021984C23FA35E00025C28E /* Main.storyboard */,
				E021984F23FA35E20025C28E /* Assets.xcassets */,
				E021985123FA35E20025C28E /* LaunchScreen.storyboard */,
				E021985423FA35E20025C28E /* Info.plist */,
			);
			path = Secretly;
			sourceTree = "<group>";
		};
		E021985C23FA35E20025C28E /* SecretlyTests */ = {
			isa = PBXGroup;
			children = (
				E021985D23FA35E20025C28E /* SecretlyTests.swift */,
				E021985F23FA35E20025C28E /* Info.plist */,
			);
			path = SecretlyTests;
			sourceTree = "<group>";
		};
		E04C2BC923FB7A5A005FE010 /* Network */ = {
			isa = PBXGroup;
			children = (
				30C77CB1266AD7B100A888DC /* ApiConfig.swift */,
				30FD0E7726597C6F006E309A /* RestClient.swift */,
				E04C2BCA23FB86F7005FE010 /* HttpClient.swift */,
				E04C2BCC23FB8750005FE010 /* HttpResponse.swift */,
				E04C2BCE23FB8782005FE010 /* StatusCode.swift */,
				E04C2BD223FB88E8005FE010 /* RequestBuilder.swift */,
				30FD0E7326596853006E309A /* RequestError.swift */,
				30FD0E7526596862006E309A /* ResponseError.swift */,
			);
			path = Network;
			sourceTree = "<group>";
		};
/* End PBXGroup section */

/* Begin PBXNativeTarget section */
		E021984223FA35E00025C28E /* Secretly */ = {
			isa = PBXNativeTarget;
			buildConfigurationList = E021986223FA35E20025C28E /* Build configuration list for PBXNativeTarget "Secretly" */;
			buildPhases = (
				E021983F23FA35E00025C28E /* Sources */,
				E021984023FA35E00025C28E /* Frameworks */,
				E021984123FA35E00025C28E /* Resources */,
			);
			buildRules = (
			);
			dependencies = (
			);
			name = Secretly;
			productName = Secretly;
			productReference = E021984323FA35E00025C28E /* Secretly.app */;
			productType = "com.apple.product-type.application";
		};
		E021985823FA35E20025C28E /* SecretlyTests */ = {
			isa = PBXNativeTarget;
			buildConfigurationList = E021986523FA35E20025C28E /* Build configuration list for PBXNativeTarget "SecretlyTests" */;
			buildPhases = (
				E021985523FA35E20025C28E /* Sources */,
				E021985623FA35E20025C28E /* Frameworks */,
				E021985723FA35E20025C28E /* Resources */,
			);
			buildRules = (
			);
			dependencies = (
				E021985B23FA35E20025C28E /* PBXTargetDependency */,
			);
			name = SecretlyTests;
			productName = SecretlyTests;
			productReference = E021985923FA35E20025C28E /* SecretlyTests.xctest */;
			productType = "com.apple.product-type.bundle.unit-test";
		};
/* End PBXNativeTarget section */

/* Begin PBXProject section */
		E021983B23FA35E00025C28E /* Project object */ = {
			isa = PBXProject;
			attributes = {
				LastSwiftUpdateCheck = 1120;
				LastUpgradeCheck = 1200;
				ORGANIZATIONNAME = 3zcurdia;
				TargetAttributes = {
					E021984223FA35E00025C28E = {
						CreatedOnToolsVersion = 11.2.1;
					};
					E021985823FA35E20025C28E = {
						CreatedOnToolsVersion = 11.2.1;
						TestTargetID = E021984223FA35E00025C28E;
					};
				};
			};
			buildConfigurationList = E021983E23FA35E00025C28E /* Build configuration list for PBXProject "Secretly" */;
			compatibilityVersion = "Xcode 9.3";
			developmentRegion = en;
			hasScannedForEncodings = 0;
			knownRegions = (
				en,
				Base,
			);
			mainGroup = E021983A23FA35E00025C28E;
			productRefGroup = E021984423FA35E00025C28E /* Products */;
			projectDirPath = "";
			projectRoot = "";
			targets = (
				E021984223FA35E00025C28E /* Secretly */,
				E021985823FA35E20025C28E /* SecretlyTests */,
			);
		};
/* End PBXProject section */

/* Begin PBXResourcesBuildPhase section */
		E021984123FA35E00025C28E /* Resources */ = {
			isa = PBXResourcesBuildPhase;
			buildActionMask = 2147483647;
			files = (
				307A305F2661CD510020DF8B /* PostCollectionViewCell.xib in Resources */,
				E021985323FA35E20025C28E /* LaunchScreen.storyboard in Resources */,
				E021985023FA35E20025C28E /* Assets.xcassets in Resources */,
				E021984E23FA35E00025C28E /* Main.storyboard in Resources */,
			);
			runOnlyForDeploymentPostprocessing = 0;
		};
		E021985723FA35E20025C28E /* Resources */ = {
			isa = PBXResourcesBuildPhase;
			buildActionMask = 2147483647;
			files = (
			);
			runOnlyForDeploymentPostprocessing = 0;
		};
/* End PBXResourcesBuildPhase section */

/* Begin PBXSourcesBuildPhase section */
		E021983F23FA35E00025C28E /* Sources */ = {
			isa = PBXSourcesBuildPhase;
			buildActionMask = 2147483647;
			files = (
				E04C2BCD23FB8750005FE010 /* HttpResponse.swift in Sources */,
				30C77CB8266BD44300A888DC /* CreatePostViewController.swift in Sources */,
				E021984B23FA35E00025C28E /* WelcomeViewController.swift in Sources */,
				2D7D6FD1266DB42C005863AE /* PostInputView.swift in Sources */,
				30BC8B9D2662ACBC00F7E6A5 /* ImageLoader.swift in Sources */,
				E04C2BCF23FB8782005FE010 /* StatusCode.swift in Sources */,
				307A30622661E8A90020DF8B /* UIColor+Hex.swift in Sources */,
				30FD0E7826597C6F006E309A /* RestClient.swift in Sources */,
				307A30542661ABD60020DF8B /* Post.swift in Sources */,
				304E06C626741A5100A99128 /* UIColor+theme.swift in Sources */,
				304E06C826742BDA00A99128 /* CreatePostService.swift in Sources */,
				E021984723FA35E00025C28E /* AppDelegate.swift in Sources */,
				30337955267536980066D94A /* FeedCollectionViewController+CLLocationManagerDelegate.swift in Sources */,
				30C77CB2266AD7B100A888DC /* ApiConfig.swift in Sources */,
				307A30562661AD480020DF8B /* Image.swift in Sources */,
				307A30582661AD540020DF8B /* User.swift in Sources */,
				3033795D267537B40066D94A /* FeedCollectionViewController+UICollectionViewDelegateFlowLayout .swift in Sources */,
				30BC8BA82662CEBA00F7E6A5 /* Checksum.swift in Sources */,
				30FD0E7626596862006E309A /* ResponseError.swift in Sources */,
				30FD0E722659645A006E309A /* Faker.swift in Sources */,
				30FD0E7426596853006E309A /* RequestError.swift in Sources */,
				30337957267536E30066D94A /* FeedCollectionViewController+UICollectionViewDelegate.swift in Sources */,
				307A305E2661CD510020DF8B /* PostCollectionViewCell.swift in Sources */,
				30BC8BA02662B8A700F7E6A5 /* StorageType.swift in Sources */,
				307A305B2661B7A20020DF8B /* FeedCollectionViewController.swift in Sources */,
				E04C2BCB23FB86F7005FE010 /* HttpClient.swift in Sources */,
				304E06CC2674442800A99128 /* UIImage+encodeBase64.swift in Sources */,
				30BC8BA62662C02300F7E6A5 /* CacheImage.swift in Sources */,
				307A306526629B990020DF8B /* AuthorView.swift in Sources */,
				30C77CB4266AF47300A888DC /* Credentials.swift in Sources */,
				30BC8BA22662BB0000F7E6A5 /* DataContainer.swift in Sources */,
				E021984923FA35E00025C28E /* SceneDelegate.swift in Sources */,
				E04C2BD323FB88E8005FE010 /* RequestBuilder.swift in Sources */,
				30C77CB0266AD69700A888DC /* CurrentUserService.swift in Sources */,
				30C77CB6266AF48300A888DC /* CurrentUser.swift in Sources */,
				304E06CF267468DA00A99128 /* UIColor+Pastel.swift in Sources */,
				304E06C42674133D00A99128 /* String+isBlank.swift in Sources */,
				30BC8BA42662BDEF00F7E6A5 /* ImageStore.swift in Sources */,
				3033795B267537490066D94A /* FeedCollectionViewController+UICollectionViewDataSourcePrefetching.swift in Sources */,
				303379592675371C0066D94A /* FeedCollectionViewController+UICollectionViewDataSource .swift in Sources */,
				304E06CA26742CC500A99128 /* FeedService.swift in Sources */,
			);
			runOnlyForDeploymentPostprocessing = 0;
		};
		E021985523FA35E20025C28E /* Sources */ = {
			isa = PBXSourcesBuildPhase;
			buildActionMask = 2147483647;
			files = (
				E021985E23FA35E20025C28E /* SecretlyTests.swift in Sources */,
			);
			runOnlyForDeploymentPostprocessing = 0;
		};
/* End PBXSourcesBuildPhase section */

/* Begin PBXTargetDependency section */
		E021985B23FA35E20025C28E /* PBXTargetDependency */ = {
			isa = PBXTargetDependency;
			target = E021984223FA35E00025C28E /* Secretly */;
			targetProxy = E021985A23FA35E20025C28E /* PBXContainerItemProxy */;
		};
/* End PBXTargetDependency section */

/* Begin PBXVariantGroup section */
		E021984C23FA35E00025C28E /* Main.storyboard */ = {
			isa = PBXVariantGroup;
			children = (
				E021984D23FA35E00025C28E /* Base */,
			);
			name = Main.storyboard;
			sourceTree = "<group>";
		};
		E021985123FA35E20025C28E /* LaunchScreen.storyboard */ = {
			isa = PBXVariantGroup;
			children = (
				E021985223FA35E20025C28E /* Base */,
			);
			name = LaunchScreen.storyboard;
			sourceTree = "<group>";
		};
/* End PBXVariantGroup section */

/* Begin XCBuildConfiguration section */
		E021986023FA35E20025C28E /* Debug */ = {
			isa = XCBuildConfiguration;
			buildSettings = {
				ALWAYS_SEARCH_USER_PATHS = NO;
				CLANG_ANALYZER_NONNULL = YES;
				CLANG_ANALYZER_NUMBER_OBJECT_CONVERSION = YES_AGGRESSIVE;
				CLANG_CXX_LANGUAGE_STANDARD = "gnu++14";
				CLANG_CXX_LIBRARY = "libc++";
				CLANG_ENABLE_MODULES = YES;
				CLANG_ENABLE_OBJC_ARC = YES;
				CLANG_ENABLE_OBJC_WEAK = YES;
				CLANG_WARN_BLOCK_CAPTURE_AUTORELEASING = YES;
				CLANG_WARN_BOOL_CONVERSION = YES;
				CLANG_WARN_COMMA = YES;
				CLANG_WARN_CONSTANT_CONVERSION = YES;
				CLANG_WARN_DEPRECATED_OBJC_IMPLEMENTATIONS = YES;
				CLANG_WARN_DIRECT_OBJC_ISA_USAGE = YES_ERROR;
				CLANG_WARN_DOCUMENTATION_COMMENTS = YES;
				CLANG_WARN_EMPTY_BODY = YES;
				CLANG_WARN_ENUM_CONVERSION = YES;
				CLANG_WARN_INFINITE_RECURSION = YES;
				CLANG_WARN_INT_CONVERSION = YES;
				CLANG_WARN_NON_LITERAL_NULL_CONVERSION = YES;
				CLANG_WARN_OBJC_IMPLICIT_RETAIN_SELF = YES;
				CLANG_WARN_OBJC_LITERAL_CONVERSION = YES;
				CLANG_WARN_OBJC_ROOT_CLASS = YES_ERROR;
				CLANG_WARN_QUOTED_INCLUDE_IN_FRAMEWORK_HEADER = YES;
				CLANG_WARN_RANGE_LOOP_ANALYSIS = YES;
				CLANG_WARN_STRICT_PROTOTYPES = YES;
				CLANG_WARN_SUSPICIOUS_MOVE = YES;
				CLANG_WARN_UNGUARDED_AVAILABILITY = YES_AGGRESSIVE;
				CLANG_WARN_UNREACHABLE_CODE = YES;
				CLANG_WARN__DUPLICATE_METHOD_MATCH = YES;
				COPY_PHASE_STRIP = NO;
				DEBUG_INFORMATION_FORMAT = dwarf;
				ENABLE_STRICT_OBJC_MSGSEND = YES;
				ENABLE_TESTABILITY = YES;
				GCC_C_LANGUAGE_STANDARD = gnu11;
				GCC_DYNAMIC_NO_PIC = NO;
				GCC_NO_COMMON_BLOCKS = YES;
				GCC_OPTIMIZATION_LEVEL = 0;
				GCC_PREPROCESSOR_DEFINITIONS = (
					"DEBUG=1",
					"$(inherited)",
				);
				GCC_WARN_64_TO_32_BIT_CONVERSION = YES;
				GCC_WARN_ABOUT_RETURN_TYPE = YES_ERROR;
				GCC_WARN_UNDECLARED_SELECTOR = YES;
				GCC_WARN_UNINITIALIZED_AUTOS = YES_AGGRESSIVE;
				GCC_WARN_UNUSED_FUNCTION = YES;
				GCC_WARN_UNUSED_VARIABLE = YES;
				IPHONEOS_DEPLOYMENT_TARGET = 14.1;
				MTL_ENABLE_DEBUG_INFO = INCLUDE_SOURCE;
				MTL_FAST_MATH = YES;
				ONLY_ACTIVE_ARCH = YES;
				SDKROOT = iphoneos;
				SWIFT_ACTIVE_COMPILATION_CONDITIONS = DEBUG;
				SWIFT_OPTIMIZATION_LEVEL = "-Onone";
			};
			name = Debug;
		};
		E021986123FA35E20025C28E /* Release */ = {
			isa = XCBuildConfiguration;
			buildSettings = {
				ALWAYS_SEARCH_USER_PATHS = NO;
				CLANG_ANALYZER_NONNULL = YES;
				CLANG_ANALYZER_NUMBER_OBJECT_CONVERSION = YES_AGGRESSIVE;
				CLANG_CXX_LANGUAGE_STANDARD = "gnu++14";
				CLANG_CXX_LIBRARY = "libc++";
				CLANG_ENABLE_MODULES = YES;
				CLANG_ENABLE_OBJC_ARC = YES;
				CLANG_ENABLE_OBJC_WEAK = YES;
				CLANG_WARN_BLOCK_CAPTURE_AUTORELEASING = YES;
				CLANG_WARN_BOOL_CONVERSION = YES;
				CLANG_WARN_COMMA = YES;
				CLANG_WARN_CONSTANT_CONVERSION = YES;
				CLANG_WARN_DEPRECATED_OBJC_IMPLEMENTATIONS = YES;
				CLANG_WARN_DIRECT_OBJC_ISA_USAGE = YES_ERROR;
				CLANG_WARN_DOCUMENTATION_COMMENTS = YES;
				CLANG_WARN_EMPTY_BODY = YES;
				CLANG_WARN_ENUM_CONVERSION = YES;
				CLANG_WARN_INFINITE_RECURSION = YES;
				CLANG_WARN_INT_CONVERSION = YES;
				CLANG_WARN_NON_LITERAL_NULL_CONVERSION = YES;
				CLANG_WARN_OBJC_IMPLICIT_RETAIN_SELF = YES;
				CLANG_WARN_OBJC_LITERAL_CONVERSION = YES;
				CLANG_WARN_OBJC_ROOT_CLASS = YES_ERROR;
				CLANG_WARN_QUOTED_INCLUDE_IN_FRAMEWORK_HEADER = YES;
				CLANG_WARN_RANGE_LOOP_ANALYSIS = YES;
				CLANG_WARN_STRICT_PROTOTYPES = YES;
				CLANG_WARN_SUSPICIOUS_MOVE = YES;
				CLANG_WARN_UNGUARDED_AVAILABILITY = YES_AGGRESSIVE;
				CLANG_WARN_UNREACHABLE_CODE = YES;
				CLANG_WARN__DUPLICATE_METHOD_MATCH = YES;
				COPY_PHASE_STRIP = NO;
				DEBUG_INFORMATION_FORMAT = "dwarf-with-dsym";
				ENABLE_NS_ASSERTIONS = NO;
				ENABLE_STRICT_OBJC_MSGSEND = YES;
				GCC_C_LANGUAGE_STANDARD = gnu11;
				GCC_NO_COMMON_BLOCKS = YES;
				GCC_WARN_64_TO_32_BIT_CONVERSION = YES;
				GCC_WARN_ABOUT_RETURN_TYPE = YES_ERROR;
				GCC_WARN_UNDECLARED_SELECTOR = YES;
				GCC_WARN_UNINITIALIZED_AUTOS = YES_AGGRESSIVE;
				GCC_WARN_UNUSED_FUNCTION = YES;
				GCC_WARN_UNUSED_VARIABLE = YES;
				IPHONEOS_DEPLOYMENT_TARGET = 14.1;
				MTL_ENABLE_DEBUG_INFO = NO;
				MTL_FAST_MATH = YES;
				SDKROOT = iphoneos;
				SWIFT_COMPILATION_MODE = wholemodule;
				SWIFT_OPTIMIZATION_LEVEL = "-O";
				VALIDATE_PRODUCT = YES;
			};
			name = Release;
		};
		E021986323FA35E20025C28E /* Debug */ = {
			isa = XCBuildConfiguration;
			buildSettings = {
				ASSETCATALOG_COMPILER_APPICON_NAME = AppIcon;
				CODE_SIGN_STYLE = Automatic;
				DEVELOPMENT_TEAM = D3XL2U7DQC;
				INFOPLIST_FILE = Secretly/Info.plist;
				LD_RUNPATH_SEARCH_PATHS = (
					"$(inherited)",
					"@executable_path/Frameworks",
				);
				PRODUCT_BUNDLE_IDENTIFIER = mx.unam.ioslab.Secretly;
				PRODUCT_NAME = Secretly;
				SWIFT_VERSION = 5.0;
				TARGETED_DEVICE_FAMILY = 1;
			};
			name = Debug;
		};
		E021986423FA35E20025C28E /* Release */ = {
			isa = XCBuildConfiguration;
			buildSettings = {
				ASSETCATALOG_COMPILER_APPICON_NAME = AppIcon;
				CODE_SIGN_STYLE = Automatic;
				DEVELOPMENT_TEAM = D3XL2U7DQC;
				INFOPLIST_FILE = Secretly/Info.plist;
				LD_RUNPATH_SEARCH_PATHS = (
					"$(inherited)",
					"@executable_path/Frameworks",
				);
				PRODUCT_BUNDLE_IDENTIFIER = mx.unam.ioslab.Secretly;
				PRODUCT_NAME = Secretly;
				SWIFT_VERSION = 5.0;
				TARGETED_DEVICE_FAMILY = 1;
			};
			name = Release;
		};
		E021986623FA35E20025C28E /* Debug */ = {
			isa = XCBuildConfiguration;
			buildSettings = {
				ALWAYS_EMBED_SWIFT_STANDARD_LIBRARIES = YES;
				BUNDLE_LOADER = "$(TEST_HOST)";
				CODE_SIGN_STYLE = Automatic;
				DEVELOPMENT_TEAM = D3XL2U7DQC;
				INFOPLIST_FILE = SecretlyTests/Info.plist;
				IPHONEOS_DEPLOYMENT_TARGET = 14.1;
				LD_RUNPATH_SEARCH_PATHS = (
					"$(inherited)",
					"@executable_path/Frameworks",
					"@loader_path/Frameworks",
				);
				PRODUCT_BUNDLE_IDENTIFIER = mx.unam.ioslab.SecretlyTests;
				PRODUCT_NAME = "$(TARGET_NAME)";
				SWIFT_VERSION = 5.0;
				TARGETED_DEVICE_FAMILY = "1,2";
				TEST_HOST = "$(BUILT_PRODUCTS_DIR)/Secretly.app/Secretly";
			};
			name = Debug;
		};
		E021986723FA35E20025C28E /* Release */ = {
			isa = XCBuildConfiguration;
			buildSettings = {
				ALWAYS_EMBED_SWIFT_STANDARD_LIBRARIES = YES;
				BUNDLE_LOADER = "$(TEST_HOST)";
				CODE_SIGN_STYLE = Automatic;
				DEVELOPMENT_TEAM = D3XL2U7DQC;
				INFOPLIST_FILE = SecretlyTests/Info.plist;
				IPHONEOS_DEPLOYMENT_TARGET = 14.1;
				LD_RUNPATH_SEARCH_PATHS = (
					"$(inherited)",
					"@executable_path/Frameworks",
					"@loader_path/Frameworks",
				);
				PRODUCT_BUNDLE_IDENTIFIER = mx.unam.ioslab.SecretlyTests;
				PRODUCT_NAME = "$(TARGET_NAME)";
				SWIFT_VERSION = 5.0;
				TARGETED_DEVICE_FAMILY = "1,2";
				TEST_HOST = "$(BUILT_PRODUCTS_DIR)/Secretly.app/Secretly";
			};
			name = Release;
		};
/* End XCBuildConfiguration section */

/* Begin XCConfigurationList section */
		E021983E23FA35E00025C28E /* Build configuration list for PBXProject "Secretly" */ = {
			isa = XCConfigurationList;
			buildConfigurations = (
				E021986023FA35E20025C28E /* Debug */,
				E021986123FA35E20025C28E /* Release */,
			);
			defaultConfigurationIsVisible = 0;
			defaultConfigurationName = Release;
		};
		E021986223FA35E20025C28E /* Build configuration list for PBXNativeTarget "Secretly" */ = {
			isa = XCConfigurationList;
			buildConfigurations = (
				E021986323FA35E20025C28E /* Debug */,
				E021986423FA35E20025C28E /* Release */,
			);
			defaultConfigurationIsVisible = 0;
			defaultConfigurationName = Release;
		};
		E021986523FA35E20025C28E /* Build configuration list for PBXNativeTarget "SecretlyTests" */ = {
			isa = XCConfigurationList;
			buildConfigurations = (
				E021986623FA35E20025C28E /* Debug */,
				E021986723FA35E20025C28E /* Release */,
			);
			defaultConfigurationIsVisible = 0;
			defaultConfigurationName = Release;
		};
/* End XCConfigurationList section */
	};
	rootObject = E021983B23FA35E00025C28E /* Project object */;
}
